// !$*UTF8*$!
{
	archiveVersion = 1;
	classes = {
	};
	objectVersion = 46;
	objects = {

/* Begin PBXBuildFile section */
		01C8134C175710ED00787065 /* UIKit.framework in Frameworks */ = {isa = PBXBuildFile; fileRef = 01C8134B175710ED00787065 /* UIKit.framework */; };
		01C8134E175710ED00787065 /* Foundation.framework in Frameworks */ = {isa = PBXBuildFile; fileRef = 01C8134D175710ED00787065 /* Foundation.framework */; };
		01C81350175710ED00787065 /* CoreGraphics.framework in Frameworks */ = {isa = PBXBuildFile; fileRef = 01C8134F175710ED00787065 /* CoreGraphics.framework */; };
		01C81356175710ED00787065 /* InfoPlist.strings in Resources */ = {isa = PBXBuildFile; fileRef = 01C81354175710ED00787065 /* InfoPlist.strings */; };
		01C81358175710ED00787065 /* main.m in Sources */ = {isa = PBXBuildFile; fileRef = 01C81357175710ED00787065 /* main.m */; };
		01C8135C175710ED00787065 /* AppDelegate.m in Sources */ = {isa = PBXBuildFile; fileRef = 01C8135B175710ED00787065 /* AppDelegate.m */; };
		01C8135E175710ED00787065 /* Default.png in Resources */ = {isa = PBXBuildFile; fileRef = 01C8135D175710ED00787065 /* Default.png */; };
		01C81360175710ED00787065 /* Default@2x.png in Resources */ = {isa = PBXBuildFile; fileRef = 01C8135F175710ED00787065 /* Default@2x.png */; };
		01C81362175710ED00787065 /* Default-568h@2x.png in Resources */ = {isa = PBXBuildFile; fileRef = 01C81361175710ED00787065 /* Default-568h@2x.png */; };
		01C81365175710ED00787065 /* FirstViewController.m in Sources */ = {isa = PBXBuildFile; fileRef = 01C81364175710ED00787065 /* FirstViewController.m */; };
		01C8136C175710ED00787065 /* SecondViewController.m in Sources */ = {isa = PBXBuildFile; fileRef = 01C8136B175710ED00787065 /* SecondViewController.m */; };
		01C81373175710ED00787065 /* FirstViewController.xib in Resources */ = {isa = PBXBuildFile; fileRef = 01C81371175710ED00787065 /* FirstViewController.xib */; };
		01C81376175710EE00787065 /* SecondViewController.xib in Resources */ = {isa = PBXBuildFile; fileRef = 01C81374175710EE00787065 /* SecondViewController.xib */; };
		01C81382175711AE00787065 /* DetailViewController.m in Sources */ = {isa = PBXBuildFile; fileRef = 01C81380175711AE00787065 /* DetailViewController.m */; };
		01C81383175711AE00787065 /* DetailViewController.xib in Resources */ = {isa = PBXBuildFile; fileRef = 01C81381175711AE00787065 /* DetailViewController.xib */; };
		01C8139D1757444A00787065 /* MapKit.framework in Frameworks */ = {isa = PBXBuildFile; fileRef = 01C8139C1757444A00787065 /* MapKit.framework */; };
		01C8139F1757445300787065 /* CoreLocation.framework in Frameworks */ = {isa = PBXBuildFile; fileRef = 01C8139E1757445300787065 /* CoreLocation.framework */; };
		01C813A217574D1A00787065 /* DataObject.m in Sources */ = {isa = PBXBuildFile; fileRef = 01C813A117574D1A00787065 /* DataObject.m */; };
		01C813A5175755A000787065 /* Parser.m in Sources */ = {isa = PBXBuildFile; fileRef = 01C813A4175755A000787065 /* Parser.m */; };
/* End PBXBuildFile section */

/* Begin PBXFileReference section */
		01C81347175710ED00787065 /* week4.app */ = {isa = PBXFileReference; explicitFileType = wrapper.application; includeInIndex = 0; path = week4.app; sourceTree = BUILT_PRODUCTS_DIR; };
		01C8134B175710ED00787065 /* UIKit.framework */ = {isa = PBXFileReference; lastKnownFileType = wrapper.framework; name = UIKit.framework; path = System/Library/Frameworks/UIKit.framework; sourceTree = SDKROOT; };
		01C8134D175710ED00787065 /* Foundation.framework */ = {isa = PBXFileReference; lastKnownFileType = wrapper.framework; name = Foundation.framework; path = System/Library/Frameworks/Foundation.framework; sourceTree = SDKROOT; };
		01C8134F175710ED00787065 /* CoreGraphics.framework */ = {isa = PBXFileReference; lastKnownFileType = wrapper.framework; name = CoreGraphics.framework; path = System/Library/Frameworks/CoreGraphics.framework; sourceTree = SDKROOT; };
		01C81353175710ED00787065 /* week4-Info.plist */ = {isa = PBXFileReference; lastKnownFileType = text.plist.xml; path = "week4-Info.plist"; sourceTree = "<group>"; };
		01C81355175710ED00787065 /* en */ = {isa = PBXFileReference; lastKnownFileType = text.plist.strings; name = en; path = en.lproj/InfoPlist.strings; sourceTree = "<group>"; };
		01C81357175710ED00787065 /* main.m */ = {isa = PBXFileReference; lastKnownFileType = sourcecode.c.objc; path = main.m; sourceTree = "<group>"; };
		01C81359175710ED00787065 /* week4-Prefix.pch */ = {isa = PBXFileReference; lastKnownFileType = sourcecode.c.h; path = "week4-Prefix.pch"; sourceTree = "<group>"; };
		01C8135A175710ED00787065 /* AppDelegate.h */ = {isa = PBXFileReference; lastKnownFileType = sourcecode.c.h; path = AppDelegate.h; sourceTree = "<group>"; };
		01C8135B175710ED00787065 /* AppDelegate.m */ = {isa = PBXFileReference; lastKnownFileType = sourcecode.c.objc; path = AppDelegate.m; sourceTree = "<group>"; };
		01C8135D175710ED00787065 /* Default.png */ = {isa = PBXFileReference; lastKnownFileType = image.png; path = Default.png; sourceTree = "<group>"; };
		01C8135F175710ED00787065 /* Default@2x.png */ = {isa = PBXFileReference; lastKnownFileType = image.png; path = "Default@2x.png"; sourceTree = "<group>"; };
		01C81361175710ED00787065 /* Default-568h@2x.png */ = {isa = PBXFileReference; lastKnownFileType = image.png; path = "Default-568h@2x.png"; sourceTree = "<group>"; };
		01C81363175710ED00787065 /* FirstViewController.h */ = {isa = PBXFileReference; lastKnownFileType = sourcecode.c.h; path = FirstViewController.h; sourceTree = "<group>"; };
		01C81364175710ED00787065 /* FirstViewController.m */ = {isa = PBXFileReference; lastKnownFileType = sourcecode.c.objc; path = FirstViewController.m; sourceTree = "<group>"; };
		01C8136A175710ED00787065 /* SecondViewController.h */ = {isa = PBXFileReference; lastKnownFileType = sourcecode.c.h; path = SecondViewController.h; sourceTree = "<group>"; };
		01C8136B175710ED00787065 /* SecondViewController.m */ = {isa = PBXFileReference; lastKnownFileType = sourcecode.c.objc; path = SecondViewController.m; sourceTree = "<group>"; };
		01C81372175710ED00787065 /* en */ = {isa = PBXFileReference; lastKnownFileType = file.xib; name = en; path = en.lproj/FirstViewController.xib; sourceTree = "<group>"; };
		01C81375175710EE00787065 /* en */ = {isa = PBXFileReference; lastKnownFileType = file.xib; name = en; path = en.lproj/SecondViewController.xib; sourceTree = "<group>"; };
		01C8137F175711AE00787065 /* DetailViewController.h */ = {isa = PBXFileReference; fileEncoding = 4; lastKnownFileType = sourcecode.c.h; name = DetailViewController.h; path = ../DetailViewController.h; sourceTree = "<group>"; };
		01C81380175711AE00787065 /* DetailViewController.m */ = {isa = PBXFileReference; fileEncoding = 4; lastKnownFileType = sourcecode.c.objc; name = DetailViewController.m; path = ../DetailViewController.m; sourceTree = "<group>"; };
		01C81381175711AE00787065 /* DetailViewController.xib */ = {isa = PBXFileReference; fileEncoding = 4; lastKnownFileType = file.xib; name = DetailViewController.xib; path = ../DetailViewController.xib; sourceTree = "<group>"; };
		01C8139C1757444A00787065 /* MapKit.framework */ = {isa = PBXFileReference; lastKnownFileType = wrapper.framework; name = MapKit.framework; path = System/Library/Frameworks/MapKit.framework; sourceTree = SDKROOT; };
		01C8139E1757445300787065 /* CoreLocation.framework */ = {isa = PBXFileReference; lastKnownFileType = wrapper.framework; name = CoreLocation.framework; path = System/Library/Frameworks/CoreLocation.framework; sourceTree = SDKROOT; };
		01C813A017574D1A00787065 /* DataObject.h */ = {isa = PBXFileReference; fileEncoding = 4; lastKnownFileType = sourcecode.c.h; path = DataObject.h; sourceTree = "<group>"; };
		01C813A117574D1A00787065 /* DataObject.m */ = {isa = PBXFileReference; fileEncoding = 4; lastKnownFileType = sourcecode.c.objc; path = DataObject.m; sourceTree = "<group>"; };
		01C813A3175755A000787065 /* Parser.h */ = {isa = PBXFileReference; fileEncoding = 4; lastKnownFileType = sourcecode.c.h; path = Parser.h; sourceTree = "<group>"; };
		01C813A4175755A000787065 /* Parser.m */ = {isa = PBXFileReference; fileEncoding = 4; lastKnownFileType = sourcecode.c.objc; path = Parser.m; sourceTree = "<group>"; };
/* End PBXFileReference section */

/* Begin PBXFrameworksBuildPhase section */
		01C81344175710ED00787065 /* Frameworks */ = {
			isa = PBXFrameworksBuildPhase;
			buildActionMask = 2147483647;
			files = (
				01C8139F1757445300787065 /* CoreLocation.framework in Frameworks */,
				01C8139D1757444A00787065 /* MapKit.framework in Frameworks */,
				01C8134C175710ED00787065 /* UIKit.framework in Frameworks */,
				01C8134E175710ED00787065 /* Foundation.framework in Frameworks */,
				01C81350175710ED00787065 /* CoreGraphics.framework in Frameworks */,
			);
			runOnlyForDeploymentPostprocessing = 0;
		};
/* End PBXFrameworksBuildPhase section */

/* Begin PBXGroup section */
		01C8133C175710ED00787065 = {
			isa = PBXGroup;
			children = (
				01C813A017574D1A00787065 /* DataObject.h */,
				01C813A117574D1A00787065 /* DataObject.m */,
				01C813A3175755A000787065 /* Parser.h */,
				01C813A4175755A000787065 /* Parser.m */,
				01C81351175710ED00787065 /* week4 */,
				01C8134A175710ED00787065 /* Frameworks */,
				01C81348175710ED00787065 /* Products */,
			);
			sourceTree = "<group>";
		};
		01C81348175710ED00787065 /* Products */ = {
			isa = PBXGroup;
			children = (
				01C81347175710ED00787065 /* week4.app */,
			);
			name = Products;
			sourceTree = "<group>";
		};
		01C8134A175710ED00787065 /* Frameworks */ = {
			isa = PBXGroup;
			children = (
				01C8139E1757445300787065 /* CoreLocation.framework */,
				01C8139C1757444A00787065 /* MapKit.framework */,
				01C8134B175710ED00787065 /* UIKit.framework */,
				01C8134D175710ED00787065 /* Foundation.framework */,
				01C8134F175710ED00787065 /* CoreGraphics.framework */,
			);
			name = Frameworks;
			sourceTree = "<group>";
		};
		01C81351175710ED00787065 /* week4 */ = {
			isa = PBXGroup;
			children = (
				01C8135A175710ED00787065 /* AppDelegate.h */,
				01C8135B175710ED00787065 /* AppDelegate.m */,
				01C81363175710ED00787065 /* FirstViewController.h */,
				01C81364175710ED00787065 /* FirstViewController.m */,
				01C81371175710ED00787065 /* FirstViewController.xib */,
				01C8136A175710ED00787065 /* SecondViewController.h */,
				01C8136B175710ED00787065 /* SecondViewController.m */,
				01C81374175710EE00787065 /* SecondViewController.xib */,
				01C8137F175711AE00787065 /* DetailViewController.h */,
				01C81380175711AE00787065 /* DetailViewController.m */,
				01C81381175711AE00787065 /* DetailViewController.xib */,
				01C81352175710ED00787065 /* Supporting Files */,
			);
			path = week4;
			sourceTree = "<group>";
		};
		01C81352175710ED00787065 /* Supporting Files */ = {
			isa = PBXGroup;
			children = (
				01C81353175710ED00787065 /* week4-Info.plist */,
				01C81354175710ED00787065 /* InfoPlist.strings */,
				01C81357175710ED00787065 /* main.m */,
				01C81359175710ED00787065 /* week4-Prefix.pch */,
				01C8135D175710ED00787065 /* Default.png */,
				01C8135F175710ED00787065 /* Default@2x.png */,
				01C81361175710ED00787065 /* Default-568h@2x.png */,
			);
			name = "Supporting Files";
			sourceTree = "<group>";
		};
/* End PBXGroup section */

/* Begin PBXNativeTarget section */
		01C81346175710ED00787065 /* week4 */ = {
			isa = PBXNativeTarget;
			buildConfigurationList = 01C81379175710EE00787065 /* Build configuration list for PBXNativeTarget "week4" */;
			buildPhases = (
				01C81343175710ED00787065 /* Sources */,
				01C81344175710ED00787065 /* Frameworks */,
				01C81345175710ED00787065 /* Resources */,
			);
			buildRules = (
			);
			dependencies = (
			);
			name = week4;
			productName = week4;
			productReference = 01C81347175710ED00787065 /* week4.app */;
			productType = "com.apple.product-type.application";
		};
/* End PBXNativeTarget section */

/* Begin PBXProject section */
		01C8133E175710ED00787065 /* Project object */ = {
			isa = PBXProject;
			attributes = {
				LastUpgradeCheck = 0450;
				ORGANIZATIONNAME = "Desire Gardner";
			};
			buildConfigurationList = 01C81341175710ED00787065 /* Build configuration list for PBXProject "week4" */;
			compatibilityVersion = "Xcode 3.2";
			developmentRegion = English;
			hasScannedForEncodings = 0;
			knownRegions = (
				en,
			);
			mainGroup = 01C8133C175710ED00787065;
			productRefGroup = 01C81348175710ED00787065 /* Products */;
			projectDirPath = "";
			projectRoot = "";
			targets = (
				01C81346175710ED00787065 /* week4 */,
			);
		};
/* End PBXProject section */

/* Begin PBXResourcesBuildPhase section */
		01C81345175710ED00787065 /* Resources */ = {
			isa = PBXResourcesBuildPhase;
			buildActionMask = 2147483647;
			files = (
				01C81356175710ED00787065 /* InfoPlist.strings in Resources */,
				01C8135E175710ED00787065 /* Default.png in Resources */,
				01C81360175710ED00787065 /* Default@2x.png in Resources */,
				01C81362175710ED00787065 /* Default-568h@2x.png in Resources */,
				01C81373175710ED00787065 /* FirstViewController.xib in Resources */,
				01C81376175710EE00787065 /* SecondViewController.xib in Resources */,
				01C81383175711AE00787065 /* DetailViewController.xib in Resources */,
			);
			runOnlyForDeploymentPostprocessing = 0;
		};
/* End PBXResourcesBuildPhase section */

/* Begin PBXSourcesBuildPhase section */
		01C81343175710ED00787065 /* Sources */ = {
			isa = PBXSourcesBuildPhase;
			buildActionMask = 2147483647;
			files = (
				01C81358175710ED00787065 /* main.m in Sources */,
				01C8135C175710ED00787065 /* AppDelegate.m in Sources */,
				01C81365175710ED00787065 /* FirstViewController.m in Sources */,
				01C8136C175710ED00787065 /* SecondViewController.m in Sources */,
				01C81382175711AE00787065 /* DetailViewController.m in Sources */,
				01C813A217574D1A00787065 /* DataObject.m in Sources */,
				01C813A5175755A000787065 /* Parser.m in Sources */,
			);
			runOnlyForDeploymentPostprocessing = 0;
		};
/* End PBXSourcesBuildPhase section */

/* Begin PBXVariantGroup section */
		01C81354175710ED00787065 /* InfoPlist.strings */ = {
			isa = PBXVariantGroup;
			children = (
				01C81355175710ED00787065 /* en */,
			);
			name = InfoPlist.strings;
			sourceTree = "<group>";
		};
		01C81371175710ED00787065 /* FirstViewController.xib */ = {
			isa = PBXVariantGroup;
			children = (
				01C81372175710ED00787065 /* en */,
			);
			name = FirstViewController.xib;
			sourceTree = "<group>";
		};
		01C81374175710EE00787065 /* SecondViewController.xib */ = {
			isa = PBXVariantGroup;
			children = (
				01C81375175710EE00787065 /* en */,
			);
			name = SecondViewController.xib;
			sourceTree = "<group>";
		};
/* End PBXVariantGroup section */

/* Begin XCBuildConfiguration section */
		01C81377175710EE00787065 /* Debug */ = {
			isa = XCBuildConfiguration;
			buildSettings = {
				ALWAYS_SEARCH_USER_PATHS = NO;
				CLANG_CXX_LANGUAGE_STANDARD = "gnu++0x";
				CLANG_CXX_LIBRARY = "libc++";
				CLANG_ENABLE_OBJC_ARC = YES;
				CLANG_WARN_EMPTY_BODY = YES;
				CLANG_WARN__DUPLICATE_METHOD_MATCH = YES;
				"CODE_SIGN_IDENTITY[sdk=iphoneos*]" = "iPhone Developer";
				COPY_PHASE_STRIP = NO;
				GCC_C_LANGUAGE_STANDARD = gnu99;
				GCC_DYNAMIC_NO_PIC = NO;
				GCC_OPTIMIZATION_LEVEL = 0;
				GCC_PREPROCESSOR_DEFINITIONS = (
					"DEBUG=1",
					"$(inherited)",
				);
				GCC_SYMBOLS_PRIVATE_EXTERN = NO;
				GCC_WARN_ABOUT_RETURN_TYPE = YES;
				GCC_WARN_UNINITIALIZED_AUTOS = YES;
				GCC_WARN_UNUSED_VARIABLE = YES;
				IPHONEOS_DEPLOYMENT_TARGET = 6.0;
				ONLY_ACTIVE_ARCH = YES;
				SDKROOT = iphoneos;
			};
			name = Debug;
		};
		01C81378175710EE00787065 /* Release */ = {
			isa = XCBuildConfiguration;
			buildSettings = {
				ALWAYS_SEARCH_USER_PATHS = NO;
				CLANG_CXX_LANGUAGE_STANDARD = "gnu++0x";
				CLANG_CXX_LIBRARY = "libc++";
				CLANG_ENABLE_OBJC_ARC = YES;
				CLANG_WARN_EMPTY_BODY = YES;
				CLANG_WARN__DUPLICATE_METHOD_MATCH = YES;
				"CODE_SIGN_IDENTITY[sdk=iphoneos*]" = "iPhone Developer";
				COPY_PHASE_STRIP = YES;
				GCC_C_LANGUAGE_STANDARD = gnu99;
				GCC_WARN_ABOUT_RETURN_TYPE = YES;
				GCC_WARN_UNINITIALIZED_AUTOS = YES;
				GCC_WARN_UNUSED_VARIABLE = YES;
				IPHONEOS_DEPLOYMENT_TARGET = 6.0;
				OTHER_CFLAGS = "-DNS_BLOCK_ASSERTIONS=1";
				SDKROOT = iphoneos;
				VALIDATE_PRODUCT = YES;
			};
			name = Release;
		};
		01C8137A175710EE00787065 /* Debug */ = {
			isa = XCBuildConfiguration;
			buildSettings = {
				GCC_PRECOMPILE_PREFIX_HEADER = YES;
				GCC_PREFIX_HEADER = "week4/week4-Prefix.pch";
				INFOPLIST_FILE = "week4/week4-Info.plist";
				PRODUCT_NAME = "$(TARGET_NAME)";
				WRAPPER_EXTENSION = app;
			};
			name = Debug;
		};
		01C8137B175710EE00787065 /* Release */ = {
			isa = XCBuildConfiguration;
			buildSettings = {
				GCC_PRECOMPILE_PREFIX_HEADER = YES;
				GCC_PREFIX_HEADER = "week4/week4-Prefix.pch";
				INFOPLIST_FILE = "week4/week4-Info.plist";
				PRODUCT_NAME = "$(TARGET_NAME)";
				WRAPPER_EXTENSION = app;
			};
			name = Release;
		};
/* End XCBuildConfiguration section */

/* Begin XCConfigurationList section */
		01C81341175710ED00787065 /* Build configuration list for PBXProject "week4" */ = {
			isa = XCConfigurationList;
			buildConfigurations = (
				01C81377175710EE00787065 /* Debug */,
				01C81378175710EE00787065 /* Release */,
			);
			defaultConfigurationIsVisible = 0;
			defaultConfigurationName = Release;
		};
		01C81379175710EE00787065 /* Build configuration list for PBXNativeTarget "week4" */ = {
			isa = XCConfigurationList;
			buildConfigurations = (
				01C8137A175710EE00787065 /* Debug */,
				01C8137B175710EE00787065 /* Release */,
			);
			defaultConfigurationIsVisible = 0;
		};
/* End XCConfigurationList section */
	};
	rootObject = 01C8133E175710ED00787065 /* Project object */;
}
