// !$*UTF8*$!
{
	archiveVersion = 1;
	classes = {
	};
	objectVersion = 46;
	objects = {

/* Begin PBXBuildFile section */
		01370585173ACCA4007E2CE9 /* UIKit.framework in Frameworks */ = {isa = PBXBuildFile; fileRef = 01370584173ACCA4007E2CE9 /* UIKit.framework */; };
		01370587173ACCA4007E2CE9 /* Foundation.framework in Frameworks */ = {isa = PBXBuildFile; fileRef = 01370586173ACCA4007E2CE9 /* Foundation.framework */; };
		01370589173ACCA4007E2CE9 /* CoreGraphics.framework in Frameworks */ = {isa = PBXBuildFile; fileRef = 01370588173ACCA4007E2CE9 /* CoreGraphics.framework */; };
		0137058F173ACCA4007E2CE9 /* InfoPlist.strings in Resources */ = {isa = PBXBuildFile; fileRef = 0137058D173ACCA4007E2CE9 /* InfoPlist.strings */; };
		01370591173ACCA4007E2CE9 /* main.m in Sources */ = {isa = PBXBuildFile; fileRef = 01370590173ACCA4007E2CE9 /* main.m */; };
		01370595173ACCA4007E2CE9 /* AppDelegate.m in Sources */ = {isa = PBXBuildFile; fileRef = 01370594173ACCA4007E2CE9 /* AppDelegate.m */; };
		0137059E173ACCA4007E2CE9 /* ViewController.m in Sources */ = {isa = PBXBuildFile; fileRef = 0137059D173ACCA4007E2CE9 /* ViewController.m */; };
		013705A1173ACCA4007E2CE9 /* ViewController.xib in Resources */ = {isa = PBXBuildFile; fileRef = 0137059F173ACCA4007E2CE9 /* ViewController.xib */; };
		013705AB173AD0BB007E2CE9 /* CustomTableCell.m in Sources */ = {isa = PBXBuildFile; fileRef = 013705AA173AD0BB007E2CE9 /* CustomTableCell.m */; };
		013705AF173AD0EF007E2CE9 /* CustomTableViewCell.xib in Resources */ = {isa = PBXBuildFile; fileRef = 013705AE173AD0EF007E2CE9 /* CustomTableViewCell.xib */; };
		013705CC173B3B65007E2CE9 /* DetailViewController.m in Sources */ = {isa = PBXBuildFile; fileRef = 013705CA173B3B65007E2CE9 /* DetailViewController.m */; };
		013705CD173B3B65007E2CE9 /* DetailViewController.xib in Resources */ = {isa = PBXBuildFile; fileRef = 013705CB173B3B65007E2CE9 /* DetailViewController.xib */; };
		013705CF173B5804007E2CE9 /* iphoneIcon.png in Resources */ = {isa = PBXBuildFile; fileRef = 013705CE173B5804007E2CE9 /* iphoneIcon.png */; };
		013705D1173B582D007E2CE9 /* ipadRetnaIcon.png in Resources */ = {isa = PBXBuildFile; fileRef = 013705D0173B582D007E2CE9 /* ipadRetnaIcon.png */; };
		013705D3173B5884007E2CE9 /* iphoneRetnaIcon.png in Resources */ = {isa = PBXBuildFile; fileRef = 013705D2173B5884007E2CE9 /* iphoneRetnaIcon.png */; };
		013705D5173B5891007E2CE9 /* ipadIcon.png in Resources */ = {isa = PBXBuildFile; fileRef = 013705D4173B5891007E2CE9 /* ipadIcon.png */; };
		013705D7173B5893007E2CE9 /* ipadRentaIcon.png in Resources */ = {isa = PBXBuildFile; fileRef = 013705D6173B5893007E2CE9 /* ipadRentaIcon.png */; };
		013705D9173B58B2007E2CE9 /* Default.png in Resources */ = {isa = PBXBuildFile; fileRef = 013705D8173B58B2007E2CE9 /* Default.png */; };
		013705E1173B5A39007E2CE9 /* Default@2x.png in Resources */ = {isa = PBXBuildFile; fileRef = 013705DC173B5900007E2CE9 /* Default@2x.png */; };
		013705E2173B5AB8007E2CE9 /* Default-568h@2x.png in Resources */ = {isa = PBXBuildFile; fileRef = 013705DE173B5906007E2CE9 /* Default-568h@2x.png */; };
		0137065A173C09DF007E2CE9 /* Brown.png in Resources */ = {isa = PBXBuildFile; fileRef = 01370658173C09DF007E2CE9 /* Brown.png */; };
		0137065B173C09DF007E2CE9 /* globe_bonding.png in Resources */ = {isa = PBXBuildFile; fileRef = 01370659173C09DF007E2CE9 /* globe_bonding.png */; };
		0137065F173C0A0C007E2CE9 /* trust.png in Resources */ = {isa = PBXBuildFile; fileRef = 0137065C173C0A0C007E2CE9 /* trust.png */; };
		01370660173C0A0C007E2CE9 /* NNO.png in Resources */ = {isa = PBXBuildFile; fileRef = 0137065D173C0A0C007E2CE9 /* NNO.png */; };
		01370661173C0A0C007E2CE9 /* workingLate.png in Resources */ = {isa = PBXBuildFile; fileRef = 0137065E173C0A0C007E2CE9 /* workingLate.png */; };
		01370665173C0A37007E2CE9 /* winning.png in Resources */ = {isa = PBXBuildFile; fileRef = 01370662173C0A37007E2CE9 /* winning.png */; };
		01370666173C0A37007E2CE9 /* wingStop.png in Resources */ = {isa = PBXBuildFile; fileRef = 01370663173C0A37007E2CE9 /* wingStop.png */; };
		01370667173C0A37007E2CE9 /* agree.png in Resources */ = {isa = PBXBuildFile; fileRef = 01370664173C0A37007E2CE9 /* agree.png */; };
		0137066C173C0B7E007E2CE9 /* tshirtTime.png in Resources */ = {isa = PBXBuildFile; fileRef = 01370668173C0B7E007E2CE9 /* tshirtTime.png */; };
		0137066D173C0B7E007E2CE9 /* theBenz.png in Resources */ = {isa = PBXBuildFile; fileRef = 01370669173C0B7E007E2CE9 /* theBenz.png */; };
		0137066E173C0B7E007E2CE9 /* sperryLife.png in Resources */ = {isa = PBXBuildFile; fileRef = 0137066A173C0B7E007E2CE9 /* sperryLife.png */; };
		0137066F173C0B7E007E2CE9 /* nightOwl.png in Resources */ = {isa = PBXBuildFile; fileRef = 0137066B173C0B7E007E2CE9 /* nightOwl.png */; };
		01370673173C0BBA007E2CE9 /* myBoys.png in Resources */ = {isa = PBXBuildFile; fileRef = 01370670173C0BBA007E2CE9 /* myBoys.png */; };
		01370674173C0BBA007E2CE9 /* imSorry.png in Resources */ = {isa = PBXBuildFile; fileRef = 01370671173C0BBA007E2CE9 /* imSorry.png */; };
		01370675173C0BBA007E2CE9 /* iHop.png in Resources */ = {isa = PBXBuildFile; fileRef = 01370672173C0BBA007E2CE9 /* iHop.png */; };
		01370679173C0BDC007E2CE9 /* hooters.png in Resources */ = {isa = PBXBuildFile; fileRef = 01370676173C0BDC007E2CE9 /* hooters.png */; };
		0137067A173C0BDC007E2CE9 /* hamburger.png in Resources */ = {isa = PBXBuildFile; fileRef = 01370677173C0BDC007E2CE9 /* hamburger.png */; };
		0137067B173C0BDC007E2CE9 /* corduroyPants.png in Resources */ = {isa = PBXBuildFile; fileRef = 01370678173C0BDC007E2CE9 /* corduroyPants.png */; };
		0137067F173C0BF7007E2CE9 /* carMania.png in Resources */ = {isa = PBXBuildFile; fileRef = 0137067C173C0BF7007E2CE9 /* carMania.png */; };
		01370680173C0BF7007E2CE9 /* bowlingMadhouse.png in Resources */ = {isa = PBXBuildFile; fileRef = 0137067D173C0BF7007E2CE9 /* bowlingMadhouse.png */; };
		01370681173C0BF7007E2CE9 /* beerDate.png in Resources */ = {isa = PBXBuildFile; fileRef = 0137067E173C0BF7007E2CE9 /* beerDate.png */; };
		01370683173C0C1C007E2CE9 /* essentially.png in Resources */ = {isa = PBXBuildFile; fileRef = 01370682173C0C1C007E2CE9 /* essentially.png */; };
/* End PBXBuildFile section */

/* Begin PBXFileReference section */
		01370580173ACCA4007E2CE9 /* maleBond.app */ = {isa = PBXFileReference; explicitFileType = wrapper.application; includeInIndex = 0; path = maleBond.app; sourceTree = BUILT_PRODUCTS_DIR; };
		01370584173ACCA4007E2CE9 /* UIKit.framework */ = {isa = PBXFileReference; lastKnownFileType = wrapper.framework; name = UIKit.framework; path = System/Library/Frameworks/UIKit.framework; sourceTree = SDKROOT; };
		01370586173ACCA4007E2CE9 /* Foundation.framework */ = {isa = PBXFileReference; lastKnownFileType = wrapper.framework; name = Foundation.framework; path = System/Library/Frameworks/Foundation.framework; sourceTree = SDKROOT; };
		01370588173ACCA4007E2CE9 /* CoreGraphics.framework */ = {isa = PBXFileReference; lastKnownFileType = wrapper.framework; name = CoreGraphics.framework; path = System/Library/Frameworks/CoreGraphics.framework; sourceTree = SDKROOT; };
		0137058C173ACCA4007E2CE9 /* maleBond-Info.plist */ = {isa = PBXFileReference; lastKnownFileType = text.plist.xml; path = "maleBond-Info.plist"; sourceTree = "<group>"; };
		0137058E173ACCA4007E2CE9 /* en */ = {isa = PBXFileReference; lastKnownFileType = text.plist.strings; name = en; path = en.lproj/InfoPlist.strings; sourceTree = "<group>"; };
		01370590173ACCA4007E2CE9 /* main.m */ = {isa = PBXFileReference; lastKnownFileType = sourcecode.c.objc; path = main.m; sourceTree = "<group>"; };
		01370592173ACCA4007E2CE9 /* maleBond-Prefix.pch */ = {isa = PBXFileReference; lastKnownFileType = sourcecode.c.h; path = "maleBond-Prefix.pch"; sourceTree = "<group>"; };
		01370593173ACCA4007E2CE9 /* AppDelegate.h */ = {isa = PBXFileReference; lastKnownFileType = sourcecode.c.h; path = AppDelegate.h; sourceTree = "<group>"; };
		01370594173ACCA4007E2CE9 /* AppDelegate.m */ = {isa = PBXFileReference; lastKnownFileType = sourcecode.c.objc; path = AppDelegate.m; sourceTree = "<group>"; };
		0137059C173ACCA4007E2CE9 /* ViewController.h */ = {isa = PBXFileReference; lastKnownFileType = sourcecode.c.h; path = ViewController.h; sourceTree = "<group>"; };
		0137059D173ACCA4007E2CE9 /* ViewController.m */ = {isa = PBXFileReference; lastKnownFileType = sourcecode.c.objc; path = ViewController.m; sourceTree = "<group>"; };
		013705A0173ACCA4007E2CE9 /* en */ = {isa = PBXFileReference; lastKnownFileType = file.xib; name = en; path = en.lproj/ViewController.xib; sourceTree = "<group>"; };
		013705A9173AD0BB007E2CE9 /* CustomTableCell.h */ = {isa = PBXFileReference; fileEncoding = 4; lastKnownFileType = sourcecode.c.h; name = CustomTableCell.h; path = ../CustomTableCell.h; sourceTree = "<group>"; };
		013705AA173AD0BB007E2CE9 /* CustomTableCell.m */ = {isa = PBXFileReference; fileEncoding = 4; lastKnownFileType = sourcecode.c.objc; name = CustomTableCell.m; path = ../CustomTableCell.m; sourceTree = "<group>"; };
		013705AE173AD0EF007E2CE9 /* CustomTableViewCell.xib */ = {isa = PBXFileReference; fileEncoding = 4; lastKnownFileType = file.xib; name = CustomTableViewCell.xib; path = ../CustomTableViewCell.xib; sourceTree = "<group>"; };
		013705C9173B3B65007E2CE9 /* DetailViewController.h */ = {isa = PBXFileReference; fileEncoding = 4; lastKnownFileType = sourcecode.c.h; name = DetailViewController.h; path = ../DetailViewController.h; sourceTree = "<group>"; };
		013705CA173B3B65007E2CE9 /* DetailViewController.m */ = {isa = PBXFileReference; fileEncoding = 4; lastKnownFileType = sourcecode.c.objc; name = DetailViewController.m; path = ../DetailViewController.m; sourceTree = "<group>"; };
		013705CB173B3B65007E2CE9 /* DetailViewController.xib */ = {isa = PBXFileReference; fileEncoding = 4; lastKnownFileType = file.xib; name = DetailViewController.xib; path = ../DetailViewController.xib; sourceTree = "<group>"; };
		013705CE173B5804007E2CE9 /* iphoneIcon.png */ = {isa = PBXFileReference; lastKnownFileType = image.png; name = iphoneIcon.png; path = ../iphoneIcon.png; sourceTree = "<group>"; };
		013705D0173B582D007E2CE9 /* ipadRetnaIcon.png */ = {isa = PBXFileReference; lastKnownFileType = image.png; name = ipadRetnaIcon.png; path = ../ipadRetnaIcon.png; sourceTree = "<group>"; };
		013705D2173B5884007E2CE9 /* iphoneRetnaIcon.png */ = {isa = PBXFileReference; lastKnownFileType = image.png; name = iphoneRetnaIcon.png; path = ../iphoneRetnaIcon.png; sourceTree = "<group>"; };
		013705D4173B5891007E2CE9 /* ipadIcon.png */ = {isa = PBXFileReference; lastKnownFileType = image.png; name = ipadIcon.png; path = ../ipadIcon.png; sourceTree = "<group>"; };
		013705D6173B5893007E2CE9 /* ipadRentaIcon.png */ = {isa = PBXFileReference; lastKnownFileType = image.png; name = ipadRentaIcon.png; path = ../ipadRentaIcon.png; sourceTree = "<group>"; };
		013705D8173B58B2007E2CE9 /* Default.png */ = {isa = PBXFileReference; lastKnownFileType = image.png; name = Default.png; path = ../Default.png; sourceTree = "<group>"; };
		013705DA173B58E8007E2CE9 /* Default-Landscape~ipad.png */ = {isa = PBXFileReference; lastKnownFileType = image.png; name = "Default-Landscape~ipad.png"; path = "../Default-Landscape~ipad.png"; sourceTree = "<group>"; };
		013705DC173B5900007E2CE9 /* Default@2x.png */ = {isa = PBXFileReference; lastKnownFileType = image.png; name = "Default@2x.png"; path = "../Default@2x.png"; sourceTree = "<group>"; };
		013705DE173B5906007E2CE9 /* Default-568h@2x.png */ = {isa = PBXFileReference; lastKnownFileType = image.png; name = "Default-568h@2x.png"; path = "../Default-568h@2x.png"; sourceTree = "<group>"; };
		01370658173C09DF007E2CE9 /* Brown.png */ = {isa = PBXFileReference; lastKnownFileType = image.png; path = Brown.png; sourceTree = "<group>"; };
		01370659173C09DF007E2CE9 /* globe_bonding.png */ = {isa = PBXFileReference; lastKnownFileType = image.png; path = globe_bonding.png; sourceTree = "<group>"; };
		0137065C173C0A0C007E2CE9 /* trust.png */ = {isa = PBXFileReference; lastKnownFileType = image.png; path = trust.png; sourceTree = "<group>"; };
		0137065D173C0A0C007E2CE9 /* NNO.png */ = {isa = PBXFileReference; lastKnownFileType = image.png; path = NNO.png; sourceTree = "<group>"; };
		0137065E173C0A0C007E2CE9 /* workingLate.png */ = {isa = PBXFileReference; lastKnownFileType = image.png; path = workingLate.png; sourceTree = "<group>"; };
		01370662173C0A37007E2CE9 /* winning.png */ = {isa = PBXFileReference; lastKnownFileType = image.png; path = winning.png; sourceTree = "<group>"; };
		01370663173C0A37007E2CE9 /* wingStop.png */ = {isa = PBXFileReference; lastKnownFileType = image.png; path = wingStop.png; sourceTree = "<group>"; };
		01370664173C0A37007E2CE9 /* agree.png */ = {isa = PBXFileReference; lastKnownFileType = image.png; path = agree.png; sourceTree = "<group>"; };
		01370668173C0B7E007E2CE9 /* tshirtTime.png */ = {isa = PBXFileReference; lastKnownFileType = image.png; path = tshirtTime.png; sourceTree = "<group>"; };
		01370669173C0B7E007E2CE9 /* theBenz.png */ = {isa = PBXFileReference; lastKnownFileType = image.png; path = theBenz.png; sourceTree = "<group>"; };
		0137066A173C0B7E007E2CE9 /* sperryLife.png */ = {isa = PBXFileReference; lastKnownFileType = image.png; path = sperryLife.png; sourceTree = "<group>"; };
		0137066B173C0B7E007E2CE9 /* nightOwl.png */ = {isa = PBXFileReference; lastKnownFileType = image.png; path = nightOwl.png; sourceTree = "<group>"; };
		01370670173C0BBA007E2CE9 /* myBoys.png */ = {isa = PBXFileReference; lastKnownFileType = image.png; path = myBoys.png; sourceTree = "<group>"; };
		01370671173C0BBA007E2CE9 /* imSorry.png */ = {isa = PBXFileReference; lastKnownFileType = image.png; path = imSorry.png; sourceTree = "<group>"; };
		01370672173C0BBA007E2CE9 /* iHop.png */ = {isa = PBXFileReference; lastKnownFileType = image.png; path = iHop.png; sourceTree = "<group>"; };
		01370676173C0BDC007E2CE9 /* hooters.png */ = {isa = PBXFileReference; lastKnownFileType = image.png; path = hooters.png; sourceTree = "<group>"; };
		01370677173C0BDC007E2CE9 /* hamburger.png */ = {isa = PBXFileReference; lastKnownFileType = image.png; path = hamburger.png; sourceTree = "<group>"; };
		01370678173C0BDC007E2CE9 /* corduroyPants.png */ = {isa = PBXFileReference; lastKnownFileType = image.png; path = corduroyPants.png; sourceTree = "<group>"; };
		0137067C173C0BF7007E2CE9 /* carMania.png */ = {isa = PBXFileReference; lastKnownFileType = image.png; path = carMania.png; sourceTree = "<group>"; };
		0137067D173C0BF7007E2CE9 /* bowlingMadhouse.png */ = {isa = PBXFileReference; lastKnownFileType = image.png; path = bowlingMadhouse.png; sourceTree = "<group>"; };
		0137067E173C0BF7007E2CE9 /* beerDate.png */ = {isa = PBXFileReference; lastKnownFileType = image.png; path = beerDate.png; sourceTree = "<group>"; };
		01370682173C0C1C007E2CE9 /* essentially.png */ = {isa = PBXFileReference; lastKnownFileType = image.png; path = essentially.png; sourceTree = "<group>"; };
/* End PBXFileReference section */

/* Begin PBXFrameworksBuildPhase section */
		0137057D173ACCA4007E2CE9 /* Frameworks */ = {
			isa = PBXFrameworksBuildPhase;
			buildActionMask = 2147483647;
			files = (
				01370585173ACCA4007E2CE9 /* UIKit.framework in Frameworks */,
				01370587173ACCA4007E2CE9 /* Foundation.framework in Frameworks */,
				01370589173ACCA4007E2CE9 /* CoreGraphics.framework in Frameworks */,
			);
			runOnlyForDeploymentPostprocessing = 0;
		};
/* End PBXFrameworksBuildPhase section */

/* Begin PBXGroup section */
		01370575173ACCA4007E2CE9 = {
			isa = PBXGroup;
			children = (
				0137058A173ACCA4007E2CE9 /* maleBond */,
				01370583173ACCA4007E2CE9 /* Frameworks */,
				01370581173ACCA4007E2CE9 /* Products */,
			);
			sourceTree = "<group>";
		};
		01370581173ACCA4007E2CE9 /* Products */ = {
			isa = PBXGroup;
			children = (
				01370580173ACCA4007E2CE9 /* maleBond.app */,
			);
			name = Products;
			sourceTree = "<group>";
		};
		01370583173ACCA4007E2CE9 /* Frameworks */ = {
			isa = PBXGroup;
			children = (
				01370584173ACCA4007E2CE9 /* UIKit.framework */,
				01370586173ACCA4007E2CE9 /* Foundation.framework */,
				01370588173ACCA4007E2CE9 /* CoreGraphics.framework */,
			);
			name = Frameworks;
			sourceTree = "<group>";
		};
		0137058A173ACCA4007E2CE9 /* maleBond */ = {
			isa = PBXGroup;
			children = (
				01370593173ACCA4007E2CE9 /* AppDelegate.h */,
				01370594173ACCA4007E2CE9 /* AppDelegate.m */,
				0137059C173ACCA4007E2CE9 /* ViewController.h */,
				0137059D173ACCA4007E2CE9 /* ViewController.m */,
				0137059F173ACCA4007E2CE9 /* ViewController.xib */,
				013705C9173B3B65007E2CE9 /* DetailViewController.h */,
				013705CA173B3B65007E2CE9 /* DetailViewController.m */,
				013705CB173B3B65007E2CE9 /* DetailViewController.xib */,
				013705AE173AD0EF007E2CE9 /* CustomTableViewCell.xib */,
				013705A9173AD0BB007E2CE9 /* CustomTableCell.h */,
				013705AA173AD0BB007E2CE9 /* CustomTableCell.m */,
				0137058B173ACCA4007E2CE9 /* Supporting Files */,
			);
			path = maleBond;
			sourceTree = "<group>";
		};
		0137058B173ACCA4007E2CE9 /* Supporting Files */ = {
			isa = PBXGroup;
			children = (
				01370682173C0C1C007E2CE9 /* essentially.png */,
				0137067C173C0BF7007E2CE9 /* carMania.png */,
				0137067D173C0BF7007E2CE9 /* bowlingMadhouse.png */,
				0137067E173C0BF7007E2CE9 /* beerDate.png */,
				01370676173C0BDC007E2CE9 /* hooters.png */,
				01370677173C0BDC007E2CE9 /* hamburger.png */,
				01370678173C0BDC007E2CE9 /* corduroyPants.png */,
				01370670173C0BBA007E2CE9 /* myBoys.png */,
				01370671173C0BBA007E2CE9 /* imSorry.png */,
				01370672173C0BBA007E2CE9 /* iHop.png */,
				01370668173C0B7E007E2CE9 /* tshirtTime.png */,
				01370669173C0B7E007E2CE9 /* theBenz.png */,
				0137066A173C0B7E007E2CE9 /* sperryLife.png */,
				0137066B173C0B7E007E2CE9 /* nightOwl.png */,
				01370662173C0A37007E2CE9 /* winning.png */,
				01370663173C0A37007E2CE9 /* wingStop.png */,
				01370664173C0A37007E2CE9 /* agree.png */,
				0137065C173C0A0C007E2CE9 /* trust.png */,
				0137065D173C0A0C007E2CE9 /* NNO.png */,
				0137065E173C0A0C007E2CE9 /* workingLate.png */,
				01370658173C09DF007E2CE9 /* Brown.png */,
				01370659173C09DF007E2CE9 /* globe_bonding.png */,
				013705DE173B5906007E2CE9 /* Default-568h@2x.png */,
				013705DC173B5900007E2CE9 /* Default@2x.png */,
				013705DA173B58E8007E2CE9 /* Default-Landscape~ipad.png */,
				013705D8173B58B2007E2CE9 /* Default.png */,
				013705D6173B5893007E2CE9 /* ipadRentaIcon.png */,
				013705D4173B5891007E2CE9 /* ipadIcon.png */,
				013705D2173B5884007E2CE9 /* iphoneRetnaIcon.png */,
				013705D0173B582D007E2CE9 /* ipadRetnaIcon.png */,
				013705CE173B5804007E2CE9 /* iphoneIcon.png */,
				0137058C173ACCA4007E2CE9 /* maleBond-Info.plist */,
				0137058D173ACCA4007E2CE9 /* InfoPlist.strings */,
				01370590173ACCA4007E2CE9 /* main.m */,
				01370592173ACCA4007E2CE9 /* maleBond-Prefix.pch */,
			);
			name = "Supporting Files";
			sourceTree = "<group>";
		};
/* End PBXGroup section */

/* Begin PBXNativeTarget section */
		0137057F173ACCA4007E2CE9 /* maleBond */ = {
			isa = PBXNativeTarget;
			buildConfigurationList = 013705A4173ACCA4007E2CE9 /* Build configuration list for PBXNativeTarget "maleBond" */;
			buildPhases = (
				0137057C173ACCA4007E2CE9 /* Sources */,
				0137057D173ACCA4007E2CE9 /* Frameworks */,
				0137057E173ACCA4007E2CE9 /* Resources */,
			);
			buildRules = (
			);
			dependencies = (
			);
			name = maleBond;
			productName = maleBond;
			productReference = 01370580173ACCA4007E2CE9 /* maleBond.app */;
			productType = "com.apple.product-type.application";
		};
/* End PBXNativeTarget section */

/* Begin PBXProject section */
		01370577173ACCA4007E2CE9 /* Project object */ = {
			isa = PBXProject;
			attributes = {
				LastUpgradeCheck = 0450;
				ORGANIZATIONNAME = "Desire Gardner";
			};
			buildConfigurationList = 0137057A173ACCA4007E2CE9 /* Build configuration list for PBXProject "maleBond" */;
			compatibilityVersion = "Xcode 3.2";
			developmentRegion = English;
			hasScannedForEncodings = 0;
			knownRegions = (
				en,
			);
			mainGroup = 01370575173ACCA4007E2CE9;
			productRefGroup = 01370581173ACCA4007E2CE9 /* Products */;
			projectDirPath = "";
			projectRoot = "";
			targets = (
				0137057F173ACCA4007E2CE9 /* maleBond */,
			);
		};
/* End PBXProject section */

/* Begin PBXResourcesBuildPhase section */
		0137057E173ACCA4007E2CE9 /* Resources */ = {
			isa = PBXResourcesBuildPhase;
			buildActionMask = 2147483647;
			files = (
				01370683173C0C1C007E2CE9 /* essentially.png in Resources */,
				0137067F173C0BF7007E2CE9 /* carMania.png in Resources */,
				01370680173C0BF7007E2CE9 /* bowlingMadhouse.png in Resources */,
				01370681173C0BF7007E2CE9 /* beerDate.png in Resources */,
				01370679173C0BDC007E2CE9 /* hooters.png in Resources */,
				0137067A173C0BDC007E2CE9 /* hamburger.png in Resources */,
				0137067B173C0BDC007E2CE9 /* corduroyPants.png in Resources */,
				01370673173C0BBA007E2CE9 /* myBoys.png in Resources */,
				01370674173C0BBA007E2CE9 /* imSorry.png in Resources */,
				01370675173C0BBA007E2CE9 /* iHop.png in Resources */,
				0137066C173C0B7E007E2CE9 /* tshirtTime.png in Resources */,
				0137066D173C0B7E007E2CE9 /* theBenz.png in Resources */,
				0137066E173C0B7E007E2CE9 /* sperryLife.png in Resources */,
				0137066F173C0B7E007E2CE9 /* nightOwl.png in Resources */,
				01370665173C0A37007E2CE9 /* winning.png in Resources */,
				01370666173C0A37007E2CE9 /* wingStop.png in Resources */,
				01370667173C0A37007E2CE9 /* agree.png in Resources */,
				0137065F173C0A0C007E2CE9 /* trust.png in Resources */,
				01370660173C0A0C007E2CE9 /* NNO.png in Resources */,
				01370661173C0A0C007E2CE9 /* workingLate.png in Resources */,
				0137065A173C09DF007E2CE9 /* Brown.png in Resources */,
				0137065B173C09DF007E2CE9 /* globe_bonding.png in Resources */,
				0137058F173ACCA4007E2CE9 /* InfoPlist.strings in Resources */,
				013705A1173ACCA4007E2CE9 /* ViewController.xib in Resources */,
				013705AF173AD0EF007E2CE9 /* CustomTableViewCell.xib in Resources */,
				013705CD173B3B65007E2CE9 /* DetailViewController.xib in Resources */,
				013705CF173B5804007E2CE9 /* iphoneIcon.png in Resources */,
				013705D1173B582D007E2CE9 /* ipadRetnaIcon.png in Resources */,
				013705D3173B5884007E2CE9 /* iphoneRetnaIcon.png in Resources */,
				013705D5173B5891007E2CE9 /* ipadIcon.png in Resources */,
				013705D7173B5893007E2CE9 /* ipadRentaIcon.png in Resources */,
				013705D9173B58B2007E2CE9 /* Default.png in Resources */,
				013705E1173B5A39007E2CE9 /* Default@2x.png in Resources */,
				013705E2173B5AB8007E2CE9 /* Default-568h@2x.png in Resources */,
			);
			runOnlyForDeploymentPostprocessing = 0;
		};
/* End PBXResourcesBuildPhase section */

/* Begin PBXSourcesBuildPhase section */
		0137057C173ACCA4007E2CE9 /* Sources */ = {
			isa = PBXSourcesBuildPhase;
			buildActionMask = 2147483647;
			files = (
				01370591173ACCA4007E2CE9 /* main.m in Sources */,
				01370595173ACCA4007E2CE9 /* AppDelegate.m in Sources */,
				0137059E173ACCA4007E2CE9 /* ViewController.m in Sources */,
				013705AB173AD0BB007E2CE9 /* CustomTableCell.m in Sources */,
				013705CC173B3B65007E2CE9 /* DetailViewController.m in Sources */,
			);
			runOnlyForDeploymentPostprocessing = 0;
		};
/* End PBXSourcesBuildPhase section */

/* Begin PBXVariantGroup section */
		0137058D173ACCA4007E2CE9 /* InfoPlist.strings */ = {
			isa = PBXVariantGroup;
			children = (
				0137058E173ACCA4007E2CE9 /* en */,
			);
			name = InfoPlist.strings;
			sourceTree = "<group>";
		};
		0137059F173ACCA4007E2CE9 /* ViewController.xib */ = {
			isa = PBXVariantGroup;
			children = (
				013705A0173ACCA4007E2CE9 /* en */,
			);
			name = ViewController.xib;
			sourceTree = "<group>";
		};
/* End PBXVariantGroup section */

/* Begin XCBuildConfiguration section */
		013705A2173ACCA4007E2CE9 /* Debug */ = {
			isa = XCBuildConfiguration;
			buildSettings = {
				ALWAYS_SEARCH_USER_PATHS = NO;
				CLANG_CXX_LANGUAGE_STANDARD = "gnu++0x";
				CLANG_CXX_LIBRARY = "libc++";
				CLANG_WARN_EMPTY_BODY = YES;
				CLANG_WARN__DUPLICATE_METHOD_MATCH = YES;
				"CODE_SIGN_IDENTITY[sdk=iphoneos*]" = "iPhone Developer";
				COPY_PHASE_STRIP = NO;
				GCC_C_LANGUAGE_STANDARD = gnu99;
				GCC_DYNAMIC_NO_PIC = NO;
				GCC_OPTIMIZATION_LEVEL = 0;
				GCC_PREPROCESSOR_DEFINITIONS = (
					"DEBUG=1",
					"$(inherited)",
				);
				GCC_SYMBOLS_PRIVATE_EXTERN = NO;
				GCC_WARN_ABOUT_RETURN_TYPE = YES;
				GCC_WARN_UNINITIALIZED_AUTOS = YES;
				GCC_WARN_UNUSED_VARIABLE = YES;
				IPHONEOS_DEPLOYMENT_TARGET = 6.0;
				ONLY_ACTIVE_ARCH = YES;
				SDKROOT = iphoneos;
			};
			name = Debug;
		};
		013705A3173ACCA4007E2CE9 /* Release */ = {
			isa = XCBuildConfiguration;
			buildSettings = {
				ALWAYS_SEARCH_USER_PATHS = NO;
				CLANG_CXX_LANGUAGE_STANDARD = "gnu++0x";
				CLANG_CXX_LIBRARY = "libc++";
				CLANG_WARN_EMPTY_BODY = YES;
				CLANG_WARN__DUPLICATE_METHOD_MATCH = YES;
				"CODE_SIGN_IDENTITY[sdk=iphoneos*]" = "iPhone Developer";
				COPY_PHASE_STRIP = YES;
				GCC_C_LANGUAGE_STANDARD = gnu99;
				GCC_WARN_ABOUT_RETURN_TYPE = YES;
				GCC_WARN_UNINITIALIZED_AUTOS = YES;
				GCC_WARN_UNUSED_VARIABLE = YES;
				IPHONEOS_DEPLOYMENT_TARGET = 6.0;
				OTHER_CFLAGS = "-DNS_BLOCK_ASSERTIONS=1";
				SDKROOT = iphoneos;
				VALIDATE_PRODUCT = YES;
			};
			name = Release;
		};
		013705A5173ACCA4007E2CE9 /* Debug */ = {
			isa = XCBuildConfiguration;
			buildSettings = {
				GCC_PRECOMPILE_PREFIX_HEADER = YES;
				GCC_PREFIX_HEADER = "maleBond/maleBond-Prefix.pch";
				INFOPLIST_FILE = "maleBond/maleBond-Info.plist";
				IPHONEOS_DEPLOYMENT_TARGET = 6.0;
				PRODUCT_NAME = "$(TARGET_NAME)";
				TARGETED_DEVICE_FAMILY = "1,2";
				WRAPPER_EXTENSION = app;
			};
			name = Debug;
		};
		013705A6173ACCA4007E2CE9 /* Release */ = {
			isa = XCBuildConfiguration;
			buildSettings = {
				GCC_PRECOMPILE_PREFIX_HEADER = YES;
				GCC_PREFIX_HEADER = "maleBond/maleBond-Prefix.pch";
				INFOPLIST_FILE = "maleBond/maleBond-Info.plist";
				IPHONEOS_DEPLOYMENT_TARGET = 6.0;
				PRODUCT_NAME = "$(TARGET_NAME)";
				TARGETED_DEVICE_FAMILY = "1,2";
				WRAPPER_EXTENSION = app;
			};
			name = Release;
		};
/* End XCBuildConfiguration section */

/* Begin XCConfigurationList section */
		0137057A173ACCA4007E2CE9 /* Build configuration list for PBXProject "maleBond" */ = {
			isa = XCConfigurationList;
			buildConfigurations = (
				013705A2173ACCA4007E2CE9 /* Debug */,
				013705A3173ACCA4007E2CE9 /* Release */,
			);
			defaultConfigurationIsVisible = 0;
			defaultConfigurationName = Release;
		};
		013705A4173ACCA4007E2CE9 /* Build configuration list for PBXNativeTarget "maleBond" */ = {
			isa = XCConfigurationList;
			buildConfigurations = (
				013705A5173ACCA4007E2CE9 /* Debug */,
				013705A6173ACCA4007E2CE9 /* Release */,
			);
			defaultConfigurationIsVisible = 0;
			defaultConfigurationName = Release;
		};
/* End XCConfigurationList section */
	};
	rootObject = 01370577173ACCA4007E2CE9 /* Project object */;
}
